
Microsoft Visual Studio Solution File, Format Version 12.00
# Visual Studio Version 17
VisualStudioVersion = 17.2.32630.192
MinimumVisualStudioVersion = 10.0.40219.1
Project("{9A19103F-16F7-4668-BE54-9A1E7A4F7556}") = "Titanium.Website", "Titanium.Website\Titanium.Website.csproj", "{72064F5A-1C51-4BB8-B70B-AAC5A34EBDF8}"
EndProject
Project("{9A19103F-16F7-4668-BE54-9A1E7A4F7556}") = "Titanium.Library", "Titanium.Library\Titanium.Library.csproj", "{0D4B629C-296A-418C-BB19-08835E744D05}"
EndProject
Project("{9A19103F-16F7-4668-BE54-9A1E7A4F7556}") = "Titanium.API", "Titanium.API\Titanium.API.csproj", "{39D3EBD2-8561-4FCB-960D-6F293C3D00F9}"
EndProject
Global
	GlobalSection(SolutionConfigurationPlatforms) = preSolution
		Debug|Any CPU = Debug|Any CPU
		Release|Any CPU = Release|Any CPU
	EndGlobalSection
	GlobalSection(ProjectConfigurationPlatforms) = postSolution
		{72064F5A-1C51-4BB8-B70B-AAC5A34EBDF8}.Debug|Any CPU.ActiveCfg = Debug|Any CPU
		{72064F5A-1C51-4BB8-B70B-AAC5A34EBDF8}.Debug|Any CPU.Build.0 = Debug|Any CPU
		{72064F5A-1C51-4BB8-B70B-AAC5A34EBDF8}.Release|Any CPU.ActiveCfg = Release|Any CPU
		{72064F5A-1C51-4BB8-B70B-AAC5A34EBDF8}.Release|Any CPU.Build.0 = Release|Any CPU
		{0D4B629C-296A-418C-BB19-08835E744D05}.Debug|Any CPU.ActiveCfg = Debug|Any CPU
		{0D4B629C-296A-418C-BB19-08835E744D05}.Debug|Any CPU.Build.0 = Debug|Any CPU
		{0D4B629C-296A-418C-BB19-08835E744D05}.Release|Any CPU.ActiveCfg = Release|Any CPU
		{0D4B629C-296A-418C-BB19-08835E744D05}.Release|Any CPU.Build.0 = Release|Any CPU
		{39D3EBD2-8561-4FCB-960D-6F293C3D00F9}.Debug|Any CPU.ActiveCfg = Debug|Any CPU
		{39D3EBD2-8561-4FCB-960D-6F293C3D00F9}.Debug|Any CPU.Build.0 = Debug|Any CPU
		{39D3EBD2-8561-4FCB-960D-6F293C3D00F9}.Release|Any CPU.ActiveCfg = Release|Any CPU
		{39D3EBD2-8561-4FCB-960D-6F293C3D00F9}.Release|Any CPU.Build.0 = Release|Any CPU
	EndGlobalSection
	GlobalSection(SolutionProperties) = preSolution
		HideSolutionNode = FALSE
	EndGlobalSection
	GlobalSection(ExtensibilityGlobals) = postSolution
		SolutionGuid = {4BC6F947-482D-4FB7-924C-0DE34E0A0C8B}
	EndGlobalSection
EndGlobal
